
Microsoft Visual Studio Solution File, Format Version 12.00
# Visual Studio Version 16
VisualStudioVersion = 16.0.30907.101
MinimumVisualStudioVersion = 10.0.40219.1
Project("{FAE04EC0-301F-11D3-BF4B-00C04F79EFBC}") = "Backend", "Backend\Backend.csproj", "{7B15D2F4-7005-4E2E-9181-0C589503D5AC}"
EndProject
Global
	GlobalSection(SolutionConfigurationPlatforms) = preSolution
		Debug|Any CPU = Debug|Any CPU
		Release|Any CPU = Release|Any CPU
	EndGlobalSection
	GlobalSection(ProjectConfigurationPlatforms) = postSolution
		{7B15D2F4-7005-4E2E-9181-0C589503D5AC}.Debug|Any CPU.ActiveCfg = Debug|Any CPU
		{7B15D2F4-7005-4E2E-9181-0C589503D5AC}.Debug|Any CPU.Build.0 = Debug|Any CPU
		{7B15D2F4-7005-4E2E-9181-0C589503D5AC}.Release|Any CPU.ActiveCfg = Release|Any CPU
		{7B15D2F4-7005-4E2E-9181-0C589503D5AC}.Release|Any CPU.Build.0 = Release|Any CPU
	EndGlobalSection
	GlobalSection(SolutionProperties) = preSolution
		HideSolutionNode = FALSE
	EndGlobalSection
	GlobalSection(ExtensibilityGlobals) = postSolution
		SolutionGuid = {F993BCBA-C4A2-43CF-9276-D69241059D60}
	EndGlobalSection
EndGlobal
